
Microsoft Visual Studio Solution File, Format Version 12.00
# Visual Studio Version 17
VisualStudioVersion = 17.4.33103.184
MinimumVisualStudioVersion = 10.0.40219.1
Project("{9A19103F-16F7-4668-BE54-9A1E7A4F7556}") = "WasteBagsThrowTripsCalculator", "WasteBagsThrowTripsCalculator.csproj", "{98DD8A41-B34B-4A91-A30E-AB8DB8139AB3}"
EndProject
Global
	GlobalSection(SolutionConfigurationPlatforms) = preSolution
		Debug|Any CPU = Debug|Any CPU
		Release|Any CPU = Release|Any CPU
	EndGlobalSection
	GlobalSection(ProjectConfigurationPlatforms) = postSolution
		{98DD8A41-B34B-4A91-A30E-AB8DB8139AB3}.Debug|Any CPU.ActiveCfg = Debug|Any CPU
		{98DD8A41-B34B-4A91-A30E-AB8DB8139AB3}.Debug|Any CPU.Build.0 = Debug|Any CPU
		{98DD8A41-B34B-4A91-A30E-AB8DB8139AB3}.Release|Any CPU.ActiveCfg = Release|Any CPU
		{98DD8A41-B34B-4A91-A30E-AB8DB8139AB3}.Release|Any CPU.Build.0 = Release|Any CPU
	EndGlobalSection
	GlobalSection(SolutionProperties) = preSolution
		HideSolutionNode = FALSE
	EndGlobalSection
	GlobalSection(ExtensibilityGlobals) = postSolution
		SolutionGuid = {8ED333BC-F44C-48EF-AD49-136B310CC5CC}
	EndGlobalSection
EndGlobal
